
Microsoft Visual Studio Solution File, Format Version 12.00
# Visual Studio Version 16
VisualStudioVersion = 16.0.31205.134
MinimumVisualStudioVersion = 10.0.40219.1
Project("{FAE04EC0-301F-11D3-BF4B-00C04F79EFBC}") = "WinFormsApp1", "WinFormsApp1.csproj", "{AA74910D-ECCF-4795-B2EA-3B272B550C67}"
EndProject
Global
	GlobalSection(SolutionConfigurationPlatforms) = preSolution
		Debug|Any CPU = Debug|Any CPU
		Release|Any CPU = Release|Any CPU
	EndGlobalSection
	GlobalSection(ProjectConfigurationPlatforms) = postSolution
		{AA74910D-ECCF-4795-B2EA-3B272B550C67}.Debug|Any CPU.ActiveCfg = Debug|Any CPU
		{AA74910D-ECCF-4795-B2EA-3B272B550C67}.Debug|Any CPU.Build.0 = Debug|Any CPU
		{AA74910D-ECCF-4795-B2EA-3B272B550C67}.Release|Any CPU.ActiveCfg = Release|Any CPU
		{AA74910D-ECCF-4795-B2EA-3B272B550C67}.Release|Any CPU.Build.0 = Release|Any CPU
	EndGlobalSection
	GlobalSection(SolutionProperties) = preSolution
		HideSolutionNode = FALSE
	EndGlobalSection
	GlobalSection(ExtensibilityGlobals) = postSolution
		SolutionGuid = {8E78BC01-A380-45F0-B1CC-3090F16631C9}
	EndGlobalSection
EndGlobal
